// !$*UTF8*$!
{
	archiveVersion = 1;
	classes = {
	};
	objectVersion = 56;
	objects = {

/* Begin PBXBuildFile section */
		84464BE52CCBEC2400CD8824 /* AppDelegate.swift in Sources */ = {isa = PBXBuildFile; fileRef = 84464BE42CCBEC2400CD8824 /* AppDelegate.swift */; };
		84464BE72CCBEC2400CD8824 /* SceneDelegate.swift in Sources */ = {isa = PBXBuildFile; fileRef = 84464BE62CCBEC2400CD8824 /* SceneDelegate.swift */; };
		84464BE92CCBEC2400CD8824 /* ViewController.swift in Sources */ = {isa = PBXBuildFile; fileRef = 84464BE82CCBEC2400CD8824 /* ViewController.swift */; };
		84464BEC2CCBEC2400CD8824 /* Base in Resources */ = {isa = PBXBuildFile; fileRef = 84464BEB2CCBEC2400CD8824 /* Base */; };
		84464BEE2CCBEC2600CD8824 /* Assets.xcassets in Resources */ = {isa = PBXBuildFile; fileRef = 84464BED2CCBEC2600CD8824 /* Assets.xcassets */; };
		84464BF12CCBEC2600CD8824 /* Base in Resources */ = {isa = PBXBuildFile; fileRef = 84464BF02CCBEC2600CD8824 /* Base */; };
		84464BFC2CCBEC2600CD8824 /* DonutAppTests.swift in Sources */ = {isa = PBXBuildFile; fileRef = 84464BFB2CCBEC2600CD8824 /* DonutAppTests.swift */; };
		84464C062CCBEC2600CD8824 /* DonutAppUITests.swift in Sources */ = {isa = PBXBuildFile; fileRef = 84464C052CCBEC2600CD8824 /* DonutAppUITests.swift */; };
		84464C082CCBEC2600CD8824 /* DonutAppUITestsLaunchTests.swift in Sources */ = {isa = PBXBuildFile; fileRef = 84464C072CCBEC2600CD8824 /* DonutAppUITestsLaunchTests.swift */; };
/* End PBXBuildFile section */

/* Begin PBXContainerItemProxy section */
		84464BF82CCBEC2600CD8824 /* PBXContainerItemProxy */ = {
			isa = PBXContainerItemProxy;
			containerPortal = 84464BD92CCBEC2400CD8824 /* Project object */;
			proxyType = 1;
			remoteGlobalIDString = 84464BE02CCBEC2400CD8824;
			remoteInfo = DonutApp;
		};
		84464C022CCBEC2600CD8824 /* PBXContainerItemProxy */ = {
			isa = PBXContainerItemProxy;
			containerPortal = 84464BD92CCBEC2400CD8824 /* Project object */;
			proxyType = 1;
			remoteGlobalIDString = 84464BE02CCBEC2400CD8824;
			remoteInfo = DonutApp;
		};
/* End PBXContainerItemProxy section */

/* Begin PBXFileReference section */
		84464BE12CCBEC2400CD8824 /* DonutApp.app */ = {isa = PBXFileReference; explicitFileType = wrapper.application; includeInIndex = 0; path = DonutApp.app; sourceTree = BUILT_PRODUCTS_DIR; };
		84464BE42CCBEC2400CD8824 /* AppDelegate.swift */ = {isa = PBXFileReference; lastKnownFileType = sourcecode.swift; path = AppDelegate.swift; sourceTree = "<group>"; };
		84464BE62CCBEC2400CD8824 /* SceneDelegate.swift */ = {isa = PBXFileReference; lastKnownFileType = sourcecode.swift; path = SceneDelegate.swift; sourceTree = "<group>"; };
		84464BE82CCBEC2400CD8824 /* ViewController.swift */ = {isa = PBXFileReference; lastKnownFileType = sourcecode.swift; path = ViewController.swift; sourceTree = "<group>"; };
		84464BEB2CCBEC2400CD8824 /* Base */ = {isa = PBXFileReference; lastKnownFileType = file.storyboard; name = Base; path = Base.lproj/Main.storyboard; sourceTree = "<group>"; };
		84464BED2CCBEC2600CD8824 /* Assets.xcassets */ = {isa = PBXFileReference; lastKnownFileType = folder.assetcatalog; path = Assets.xcassets; sourceTree = "<group>"; };
		84464BF02CCBEC2600CD8824 /* Base */ = {isa = PBXFileReference; lastKnownFileType = file.storyboard; name = Base; path = Base.lproj/LaunchScreen.storyboard; sourceTree = "<group>"; };
		84464BF22CCBEC2600CD8824 /* Info.plist */ = {isa = PBXFileReference; lastKnownFileType = text.plist.xml; path = Info.plist; sourceTree = "<group>"; };
		84464BF72CCBEC2600CD8824 /* DonutAppTests.xctest */ = {isa = PBXFileReference; explicitFileType = wrapper.cfbundle; includeInIndex = 0; path = DonutAppTests.xctest; sourceTree = BUILT_PRODUCTS_DIR; };
		84464BFB2CCBEC2600CD8824 /* DonutAppTests.swift */ = {isa = PBXFileReference; lastKnownFileType = sourcecode.swift; path = DonutAppTests.swift; sourceTree = "<group>"; };
		84464C012CCBEC2600CD8824 /* DonutAppUITests.xctest */ = {isa = PBXFileReference; explicitFileType = wrapper.cfbundle; includeInIndex = 0; path = DonutAppUITests.xctest; sourceTree = BUILT_PRODUCTS_DIR; };
		84464C052CCBEC2600CD8824 /* DonutAppUITests.swift */ = {isa = PBXFileReference; lastKnownFileType = sourcecode.swift; path = DonutAppUITests.swift; sourceTree = "<group>"; };
		84464C072CCBEC2600CD8824 /* DonutAppUITestsLaunchTests.swift */ = {isa = PBXFileReference; lastKnownFileType = sourcecode.swift; path = DonutAppUITestsLaunchTests.swift; sourceTree = "<group>"; };
/* End PBXFileReference section */

/* Begin PBXFrameworksBuildPhase section */
		84464BDE2CCBEC2400CD8824 /* Frameworks */ = {
			isa = PBXFrameworksBuildPhase;
			buildActionMask = 2147483647;
			files = (
			);
			runOnlyForDeploymentPostprocessing = 0;
		};
		84464BF42CCBEC2600CD8824 /* Frameworks */ = {
			isa = PBXFrameworksBuildPhase;
			buildActionMask = 2147483647;
			files = (
			);
			runOnlyForDeploymentPostprocessing = 0;
		};
		84464BFE2CCBEC2600CD8824 /* Frameworks */ = {
			isa = PBXFrameworksBuildPhase;
			buildActionMask = 2147483647;
			files = (
			);
			runOnlyForDeploymentPostprocessing = 0;
		};
/* End PBXFrameworksBuildPhase section */

/* Begin PBXGroup section */
		84464BD82CCBEC2400CD8824 = {
			isa = PBXGroup;
			children = (
				84464BE32CCBEC2400CD8824 /* DonutApp */,
				84464BFA2CCBEC2600CD8824 /* DonutAppTests */,
				84464C042CCBEC2600CD8824 /* DonutAppUITests */,
				84464BE22CCBEC2400CD8824 /* Products */,
			);
			sourceTree = "<group>";
		};
		84464BE22CCBEC2400CD8824 /* Products */ = {
			isa = PBXGroup;
			children = (
				84464BE12CCBEC2400CD8824 /* DonutApp.app */,
				84464BF72CCBEC2600CD8824 /* DonutAppTests.xctest */,
				84464C012CCBEC2600CD8824 /* DonutAppUITests.xctest */,
			);
			name = Products;
			sourceTree = "<group>";
		};
		84464BE32CCBEC2400CD8824 /* DonutApp */ = {
			isa = PBXGroup;
			children = (
				84464BE42CCBEC2400CD8824 /* AppDelegate.swift */,
				84464BE62CCBEC2400CD8824 /* SceneDelegate.swift */,
				84464BE82CCBEC2400CD8824 /* ViewController.swift */,
				84464BEA2CCBEC2400CD8824 /* Main.storyboard */,
				84464BED2CCBEC2600CD8824 /* Assets.xcassets */,
				84464BEF2CCBEC2600CD8824 /* LaunchScreen.storyboard */,
				84464BF22CCBEC2600CD8824 /* Info.plist */,
			);
			path = DonutApp;
			sourceTree = "<group>";
		};
		84464BFA2CCBEC2600CD8824 /* DonutAppTests */ = {
			isa = PBXGroup;
			children = (
				84464BFB2CCBEC2600CD8824 /* DonutAppTests.swift */,
			);
			path = DonutAppTests;
			sourceTree = "<group>";
		};
		84464C042CCBEC2600CD8824 /* DonutAppUITests */ = {
			isa = PBXGroup;
			children = (
				84464C052CCBEC2600CD8824 /* DonutAppUITests.swift */,
				84464C072CCBEC2600CD8824 /* DonutAppUITestsLaunchTests.swift */,
			);
			path = DonutAppUITests;
			sourceTree = "<group>";
		};
/* End PBXGroup section */

/* Begin PBXNativeTarget section */
		84464BE02CCBEC2400CD8824 /* DonutApp */ = {
			isa = PBXNativeTarget;
			buildConfigurationList = 84464C0B2CCBEC2600CD8824 /* Build configuration list for PBXNativeTarget "DonutApp" */;
			buildPhases = (
				84464BDD2CCBEC2400CD8824 /* Sources */,
				84464BDE2CCBEC2400CD8824 /* Frameworks */,
				84464BDF2CCBEC2400CD8824 /* Resources */,
			);
			buildRules = (
			);
			dependencies = (
			);
			name = DonutApp;
			productName = DonutApp;
			productReference = 84464BE12CCBEC2400CD8824 /* DonutApp.app */;
			productType = "com.apple.product-type.application";
		};
		84464BF62CCBEC2600CD8824 /* DonutAppTests */ = {
			isa = PBXNativeTarget;
			buildConfigurationList = 84464C0E2CCBEC2600CD8824 /* Build configuration list for PBXNativeTarget "DonutAppTests" */;
			buildPhases = (
				84464BF32CCBEC2600CD8824 /* Sources */,
				84464BF42CCBEC2600CD8824 /* Frameworks */,
				84464BF52CCBEC2600CD8824 /* Resources */,
			);
			buildRules = (
			);
			dependencies = (
				84464BF92CCBEC2600CD8824 /* PBXTargetDependency */,
			);
			name = DonutAppTests;
			productName = DonutAppTests;
			productReference = 84464BF72CCBEC2600CD8824 /* DonutAppTests.xctest */;
			productType = "com.apple.product-type.bundle.unit-test";
		};
		84464C002CCBEC2600CD8824 /* DonutAppUITests */ = {
			isa = PBXNativeTarget;
			buildConfigurationList = 84464C112CCBEC2600CD8824 /* Build configuration list for PBXNativeTarget "DonutAppUITests" */;
			buildPhases = (
				84464BFD2CCBEC2600CD8824 /* Sources */,
				84464BFE2CCBEC2600CD8824 /* Frameworks */,
				84464BFF2CCBEC2600CD8824 /* Resources */,
			);
			buildRules = (
			);
			dependencies = (
				84464C032CCBEC2600CD8824 /* PBXTargetDependency */,
			);
			name = DonutAppUITests;
			productName = DonutAppUITests;
			productReference = 84464C012CCBEC2600CD8824 /* DonutAppUITests.xctest */;
			productType = "com.apple.product-type.bundle.ui-testing";
		};
/* End PBXNativeTarget section */

/* Begin PBXProject section */
		84464BD92CCBEC2400CD8824 /* Project object */ = {
			isa = PBXProject;
			attributes = {
				BuildIndependentTargetsInParallel = 1;
				LastSwiftUpdateCheck = 1540;
				LastUpgradeCheck = 1540;
				TargetAttributes = {
					84464BE02CCBEC2400CD8824 = {
						CreatedOnToolsVersion = 15.4;
					};
					84464BF62CCBEC2600CD8824 = {
						CreatedOnToolsVersion = 15.4;
						TestTargetID = 84464BE02CCBEC2400CD8824;
					};
					84464C002CCBEC2600CD8824 = {
						CreatedOnToolsVersion = 15.4;
						TestTargetID = 84464BE02CCBEC2400CD8824;
					};
				};
			};
			buildConfigurationList = 84464BDC2CCBEC2400CD8824 /* Build configuration list for PBXProject "DonutApp" */;
			compatibilityVersion = "Xcode 14.0";
			developmentRegion = en;
			hasScannedForEncodings = 0;
			knownRegions = (
				en,
				Base,
			);
			mainGroup = 84464BD82CCBEC2400CD8824;
			productRefGroup = 84464BE22CCBEC2400CD8824 /* Products */;
			projectDirPath = "";
			projectRoot = "";
			targets = (
				84464BE02CCBEC2400CD8824 /* DonutApp */,
				84464BF62CCBEC2600CD8824 /* DonutAppTests */,
				84464C002CCBEC2600CD8824 /* DonutAppUITests */,
			);
		};
/* End PBXProject section */

/* Begin PBXResourcesBuildPhase section */
		84464BDF2CCBEC2400CD8824 /* Resources */ = {
			isa = PBXResourcesBuildPhase;
			buildActionMask = 2147483647;
			files = (
				84464BEE2CCBEC2600CD8824 /* Assets.xcassets in Resources */,
				84464BF12CCBEC2600CD8824 /* Base in Resources */,
				84464BEC2CCBEC2400CD8824 /* Base in Resources */,
			);
			runOnlyForDeploymentPostprocessing = 0;
		};
		84464BF52CCBEC2600CD8824 /* Resources */ = {
			isa = PBXResourcesBuildPhase;
			buildActionMask = 2147483647;
			files = (
			);
			runOnlyForDeploymentPostprocessing = 0;
		};
		84464BFF2CCBEC2600CD8824 /* Resources */ = {
			isa = PBXResourcesBuildPhase;
			buildActionMask = 2147483647;
			files = (
			);
			runOnlyForDeploymentPostprocessing = 0;
		};
/* End PBXResourcesBuildPhase section */

/* Begin PBXSourcesBuildPhase section */
		84464BDD2CCBEC2400CD8824 /* Sources */ = {
			isa = PBXSourcesBuildPhase;
			buildActionMask = 2147483647;
			files = (
				84464BE92CCBEC2400CD8824 /* ViewController.swift in Sources */,
				84464BE52CCBEC2400CD8824 /* AppDelegate.swift in Sources */,
				84464BE72CCBEC2400CD8824 /* SceneDelegate.swift in Sources */,
			);
			runOnlyForDeploymentPostprocessing = 0;
		};
		84464BF32CCBEC2600CD8824 /* Sources */ = {
			isa = PBXSourcesBuildPhase;
			buildActionMask = 2147483647;
			files = (
				84464BFC2CCBEC2600CD8824 /* DonutAppTests.swift in Sources */,
			);
			runOnlyForDeploymentPostprocessing = 0;
		};
		84464BFD2CCBEC2600CD8824 /* Sources */ = {
			isa = PBXSourcesBuildPhase;
			buildActionMask = 2147483647;
			files = (
				84464C082CCBEC2600CD8824 /* DonutAppUITestsLaunchTests.swift in Sources */,
				84464C062CCBEC2600CD8824 /* DonutAppUITests.swift in Sources */,
			);
			runOnlyForDeploymentPostprocessing = 0;
		};
/* End PBXSourcesBuildPhase section */

/* Begin PBXTargetDependency section */
		84464BF92CCBEC2600CD8824 /* PBXTargetDependency */ = {
			isa = PBXTargetDependency;
			target = 84464BE02CCBEC2400CD8824 /* DonutApp */;
			targetProxy = 84464BF82CCBEC2600CD8824 /* PBXContainerItemProxy */;
		};
		84464C032CCBEC2600CD8824 /* PBXTargetDependency */ = {
			isa = PBXTargetDependency;
			target = 84464BE02CCBEC2400CD8824 /* DonutApp */;
			targetProxy = 84464C022CCBEC2600CD8824 /* PBXContainerItemProxy */;
		};
/* End PBXTargetDependency section */

/* Begin PBXVariantGroup section */
		84464BEA2CCBEC2400CD8824 /* Main.storyboard */ = {
			isa = PBXVariantGroup;
			children = (
				84464BEB2CCBEC2400CD8824 /* Base */,
			);
			name = Main.storyboard;
			sourceTree = "<group>";
		};
		84464BEF2CCBEC2600CD8824 /* LaunchScreen.storyboard */ = {
			isa = PBXVariantGroup;
			children = (
				84464BF02CCBEC2600CD8824 /* Base */,
			);
			name = LaunchScreen.storyboard;
			sourceTree = "<group>";
		};
/* End PBXVariantGroup section */

/* Begin XCBuildConfiguration section */
		84464C092CCBEC2600CD8824 /* Debug */ = {
			isa = XCBuildConfiguration;
			buildSettings = {
				ALWAYS_SEARCH_USER_PATHS = NO;
				ASSETCATALOG_COMPILER_GENERATE_SWIFT_ASSET_SYMBOL_EXTENSIONS = YES;
				CLANG_ANALYZER_NONNULL = YES;
				CLANG_ANALYZER_NUMBER_OBJECT_CONVERSION = YES_AGGRESSIVE;
				CLANG_CXX_LANGUAGE_STANDARD = "gnu++20";
				CLANG_ENABLE_MODULES = YES;
				CLANG_ENABLE_OBJC_ARC = YES;
				CLANG_ENABLE_OBJC_WEAK = YES;
				CLANG_WARN_BLOCK_CAPTURE_AUTORELEASING = YES;
				CLANG_WARN_BOOL_CONVERSION = YES;
				CLANG_WARN_COMMA = YES;
				CLANG_WARN_CONSTANT_CONVERSION = YES;
				CLANG_WARN_DEPRECATED_OBJC_IMPLEMENTATIONS = YES;
				CLANG_WARN_DIRECT_OBJC_ISA_USAGE = YES_ERROR;
				CLANG_WARN_DOCUMENTATION_COMMENTS = YES;
				CLANG_WARN_EMPTY_BODY = YES;
				CLANG_WARN_ENUM_CONVERSION = YES;
				CLANG_WARN_INFINITE_RECURSION = YES;
				CLANG_WARN_INT_CONVERSION = YES;
				CLANG_WARN_NON_LITERAL_NULL_CONVERSION = YES;
				CLANG_WARN_OBJC_IMPLICIT_RETAIN_SELF = YES;
				CLANG_WARN_OBJC_LITERAL_CONVERSION = YES;
				CLANG_WARN_OBJC_ROOT_CLASS = YES_ERROR;
				CLANG_WARN_QUOTED_INCLUDE_IN_FRAMEWORK_HEADER = YES;
				CLANG_WARN_RANGE_LOOP_ANALYSIS = YES;
				CLANG_WARN_STRICT_PROTOTYPES = YES;
				CLANG_WARN_SUSPICIOUS_MOVE = YES;
				CLANG_WARN_UNGUARDED_AVAILABILITY = YES_AGGRESSIVE;
				CLANG_WARN_UNREACHABLE_CODE = YES;
				CLANG_WARN__DUPLICATE_METHOD_MATCH = YES;
				COPY_PHASE_STRIP = NO;
				DEBUG_INFORMATION_FORMAT = dwarf;
				ENABLE_STRICT_OBJC_MSGSEND = YES;
				ENABLE_TESTABILITY = YES;
				ENABLE_USER_SCRIPT_SANDBOXING = YES;
				GCC_C_LANGUAGE_STANDARD = gnu17;
				GCC_DYNAMIC_NO_PIC = NO;
				GCC_NO_COMMON_BLOCKS = YES;
				GCC_OPTIMIZATION_LEVEL = 0;
				GCC_PREPROCESSOR_DEFINITIONS = (
					"DEBUG=1",
					"$(inherited)",
				);
				GCC_WARN_64_TO_32_BIT_CONVERSION = YES;
				GCC_WARN_ABOUT_RETURN_TYPE = YES_ERROR;
				GCC_WARN_UNDECLARED_SELECTOR = YES;
				GCC_WARN_UNINITIALIZED_AUTOS = YES_AGGRESSIVE;
				GCC_WARN_UNUSED_FUNCTION = YES;
				GCC_WARN_UNUSED_VARIABLE = YES;
				IPHONEOS_DEPLOYMENT_TARGET = 17.5;
				LOCALIZATION_PREFERS_STRING_CATALOGS = YES;
				MTL_ENABLE_DEBUG_INFO = INCLUDE_SOURCE;
				MTL_FAST_MATH = YES;
				ONLY_ACTIVE_ARCH = YES;
				SDKROOT = iphoneos;
				SWIFT_ACTIVE_COMPILATION_CONDITIONS = "DEBUG $(inherited)";
				SWIFT_OPTIMIZATION_LEVEL = "-Onone";
			};
			name = Debug;
		};
		84464C0A2CCBEC2600CD8824 /* Release */ = {
			isa = XCBuildConfiguration;
			buildSettings = {
				ALWAYS_SEARCH_USER_PATHS = NO;
				ASSETCATALOG_COMPILER_GENERATE_SWIFT_ASSET_SYMBOL_EXTENSIONS = YES;
				CLANG_ANALYZER_NONNULL = YES;
				CLANG_ANALYZER_NUMBER_OBJECT_CONVERSION = YES_AGGRESSIVE;
				CLANG_CXX_LANGUAGE_STANDARD = "gnu++20";
				CLANG_ENABLE_MODULES = YES;
				CLANG_ENABLE_OBJC_ARC = YES;
				CLANG_ENABLE_OBJC_WEAK = YES;
				CLANG_WARN_BLOCK_CAPTURE_AUTORELEASING = YES;
				CLANG_WARN_BOOL_CONVERSION = YES;
				CLANG_WARN_COMMA = YES;
				CLANG_WARN_CONSTANT_CONVERSION = YES;
				CLANG_WARN_DEPRECATED_OBJC_IMPLEMENTATIONS = YES;
				CLANG_WARN_DIRECT_OBJC_ISA_USAGE = YES_ERROR;
				CLANG_WARN_DOCUMENTATION_COMMENTS = YES;
				CLANG_WARN_EMPTY_BODY = YES;
				CLANG_WARN_ENUM_CONVERSION = YES;
				CLANG_WARN_INFINITE_RECURSION = YES;
				CLANG_WARN_INT_CONVERSION = YES;
				CLANG_WARN_NON_LITERAL_NULL_CONVERSION = YES;
				CLANG_WARN_OBJC_IMPLICIT_RETAIN_SELF = YES;
				CLANG_WARN_OBJC_LITERAL_CONVERSION = YES;
				CLANG_WARN_OBJC_ROOT_CLASS = YES_ERROR;
				CLANG_WARN_QUOTED_INCLUDE_IN_FRAMEWORK_HEADER = YES;
				CLANG_WARN_RANGE_LOOP_ANALYSIS = YES;
				CLANG_WARN_STRICT_PROTOTYPES = YES;
				CLANG_WARN_SUSPICIOUS_MOVE = YES;
				CLANG_WARN_UNGUARDED_AVAILABILITY = YES_AGGRESSIVE;
				CLANG_WARN_UNREACHABLE_CODE = YES;
				CLANG_WARN__DUPLICATE_METHOD_MATCH = YES;
				COPY_PHASE_STRIP = NO;
				DEBUG_INFORMATION_FORMAT = "dwarf-with-dsym";
				ENABLE_NS_ASSERTIONS = NO;
				ENABLE_STRICT_OBJC_MSGSEND = YES;
				ENABLE_USER_SCRIPT_SANDBOXING = YES;
				GCC_C_LANGUAGE_STANDARD = gnu17;
				GCC_NO_COMMON_BLOCKS = YES;
				GCC_WARN_64_TO_32_BIT_CONVERSION = YES;
				GCC_WARN_ABOUT_RETURN_TYPE = YES_ERROR;
				GCC_WARN_UNDECLARED_SELECTOR = YES;
				GCC_WARN_UNINITIALIZED_AUTOS = YES_AGGRESSIVE;
				GCC_WARN_UNUSED_FUNCTION = YES;
				GCC_WARN_UNUSED_VARIABLE = YES;
				IPHONEOS_DEPLOYMENT_TARGET = 17.5;
				LOCALIZATION_PREFERS_STRING_CATALOGS = YES;
				MTL_ENABLE_DEBUG_INFO = NO;
				MTL_FAST_MATH = YES;
				SDKROOT = iphoneos;
				SWIFT_COMPILATION_MODE = wholemodule;
				VALIDATE_PRODUCT = YES;
			};
			name = Release;
		};
		84464C0C2CCBEC2600CD8824 /* Debug */ = {
			isa = XCBuildConfiguration;
			buildSettings = {
				ASSETCATALOG_COMPILER_APPICON_NAME = AppIcon;
				ASSETCATALOG_COMPILER_GLOBAL_ACCENT_COLOR_NAME = AccentColor;
				CODE_SIGN_STYLE = Automatic;
				CURRENT_PROJECT_VERSION = 1;
				DEVELOPMENT_TEAM = 9ZMMXV9576;
				GENERATE_INFOPLIST_FILE = YES;
				INFOPLIST_FILE = DonutApp/Info.plist;
				INFOPLIST_KEY_UIApplicationSupportsIndirectInputEvents = YES;
				INFOPLIST_KEY_UILaunchStoryboardName = LaunchScreen;
				INFOPLIST_KEY_UIMainStoryboardFile = Main;
				INFOPLIST_KEY_UISupportedInterfaceOrientations_iPad = "UIInterfaceOrientationPortrait UIInterfaceOrientationPortraitUpsideDown UIInterfaceOrientationLandscapeLeft UIInterfaceOrientationLandscapeRight";
				INFOPLIST_KEY_UISupportedInterfaceOrientations_iPhone = "UIInterfaceOrientationPortrait UIInterfaceOrientationLandscapeLeft UIInterfaceOrientationLandscapeRight";
				LD_RUNPATH_SEARCH_PATHS = (
					"$(inherited)",
					"@executable_path/Frameworks",
				);
				MARKETING_VERSION = 1.0;
				PRODUCT_BUNDLE_IDENTIFIER = "--------------Personal-Team-.DonutApp";
				PRODUCT_NAME = "$(TARGET_NAME)";
				SWIFT_EMIT_LOC_STRINGS = YES;
				SWIFT_VERSION = 5.0;
				TARGETED_DEVICE_FAMILY = "1,2";
			};
			name = Debug;
		};
		84464C0D2CCBEC2600CD8824 /* Release */ = {
			isa = XCBuildConfiguration;
			buildSettings = {
				ASSETCATALOG_COMPILER_APPICON_NAME = AppIcon;
				ASSETCATALOG_COMPILER_GLOBAL_ACCENT_COLOR_NAME = AccentColor;
				CODE_SIGN_STYLE = Automatic;
				CURRENT_PROJECT_VERSION = 1;
				DEVELOPMENT_TEAM = 9ZMMXV9576;
				GENERATE_INFOPLIST_FILE = YES;
				INFOPLIST_FILE = DonutApp/Info.plist;
				INFOPLIST_KEY_UIApplicationSupportsIndirectInputEvents = YES;
				INFOPLIST_KEY_UILaunchStoryboardName = LaunchScreen;
				INFOPLIST_KEY_UIMainStoryboardFile = Main;
				INFOPLIST_KEY_UISupportedInterfaceOrientations_iPad = "UIInterfaceOrientationPortrait UIInterfaceOrientationPortraitUpsideDown UIInterfaceOrientationLandscapeLeft UIInterfaceOrientationLandscapeRight";
				INFOPLIST_KEY_UISupportedInterfaceOrientations_iPhone = "UIInterfaceOrientationPortrait UIInterfaceOrientationLandscapeLeft UIInterfaceOrientationLandscapeRight";
				LD_RUNPATH_SEARCH_PATHS = (
					"$(inherited)",
					"@executable_path/Frameworks",
				);
				MARKETING_VERSION = 1.0;
				PRODUCT_BUNDLE_IDENTIFIER = "--------------Personal-Team-.DonutApp";
				PRODUCT_NAME = "$(TARGET_NAME)";
				SWIFT_EMIT_LOC_STRINGS = YES;
				SWIFT_VERSION = 5.0;
				TARGETED_DEVICE_FAMILY = "1,2";
			};
			name = Release;
		};
		84464C0F2CCBEC2600CD8824 /* Debug */ = {
			isa = XCBuildConfiguration;
			buildSettings = {
				ALWAYS_EMBED_SWIFT_STANDARD_LIBRARIES = YES;
				BUNDLE_LOADER = "$(TEST_HOST)";
				CODE_SIGN_STYLE = Automatic;
				CURRENT_PROJECT_VERSION = 1;
				DEVELOPMENT_TEAM = 9ZMMXV9576;
				GENERATE_INFOPLIST_FILE = YES;
				IPHONEOS_DEPLOYMENT_TARGET = 17.5;
				MARKETING_VERSION = 1.0;
				PRODUCT_BUNDLE_IDENTIFIER = "--------------Personal-Team-.DonutAppTests";
				PRODUCT_NAME = "$(TARGET_NAME)";
				SWIFT_EMIT_LOC_STRINGS = NO;
				SWIFT_VERSION = 5.0;
				TARGETED_DEVICE_FAMILY = "1,2";
				TEST_HOST = "$(BUILT_PRODUCTS_DIR)/DonutApp.app/$(BUNDLE_EXECUTABLE_FOLDER_PATH)/DonutApp";
			};
			name = Debug;
		};
		84464C102CCBEC2600CD8824 /* Release */ = {
			isa = XCBuildConfiguration;
			buildSettings = {
				ALWAYS_EMBED_SWIFT_STANDARD_LIBRARIES = YES;
				BUNDLE_LOADER = "$(TEST_HOST)";
				CODE_SIGN_STYLE = Automatic;
				CURRENT_PROJECT_VERSION = 1;
				DEVELOPMENT_TEAM = 9ZMMXV9576;
				GENERATE_INFOPLIST_FILE = YES;
				IPHONEOS_DEPLOYMENT_TARGET = 17.5;
				MARKETING_VERSION = 1.0;
				PRODUCT_BUNDLE_IDENTIFIER = "--------------Personal-Team-.DonutAppTests";
				PRODUCT_NAME = "$(TARGET_NAME)";
				SWIFT_EMIT_LOC_STRINGS = NO;
				SWIFT_VERSION = 5.0;
				TARGETED_DEVICE_FAMILY = "1,2";
				TEST_HOST = "$(BUILT_PRODUCTS_DIR)/DonutApp.app/$(BUNDLE_EXECUTABLE_FOLDER_PATH)/DonutApp";
			};
			name = Release;
		};
		84464C122CCBEC2600CD8824 /* Debug */ = {
			isa = XCBuildConfiguration;
			buildSettings = {
				ALWAYS_EMBED_SWIFT_STANDARD_LIBRARIES = YES;
				CODE_SIGN_STYLE = Automatic;
				CURRENT_PROJECT_VERSION = 1;
				DEVELOPMENT_TEAM = 9ZMMXV9576;
				GENERATE_INFOPLIST_FILE = YES;
				MARKETING_VERSION = 1.0;
				PRODUCT_BUNDLE_IDENTIFIER = "--------------Personal-Team-.DonutAppUITests";
				PRODUCT_NAME = "$(TARGET_NAME)";
				SWIFT_EMIT_LOC_STRINGS = NO;
				SWIFT_VERSION = 5.0;
				TARGETED_DEVICE_FAMILY = "1,2";
				TEST_TARGET_NAME = DonutApp;
			};
			name = Debug;
		};
		84464C132CCBEC2600CD8824 /* Release */ = {
			isa = XCBuildConfiguration;
			buildSettings = {
				ALWAYS_EMBED_SWIFT_STANDARD_LIBRARIES = YES;
				CODE_SIGN_STYLE = Automatic;
				CURRENT_PROJECT_VERSION = 1;
				DEVELOPMENT_TEAM = 9ZMMXV9576;
				GENERATE_INFOPLIST_FILE = YES;
				MARKETING_VERSION = 1.0;
				PRODUCT_BUNDLE_IDENTIFIER = "--------------Personal-Team-.DonutAppUITests";
				PRODUCT_NAME = "$(TARGET_NAME)";
				SWIFT_EMIT_LOC_STRINGS = NO;
				SWIFT_VERSION = 5.0;
				TARGETED_DEVICE_FAMILY = "1,2";
				TEST_TARGET_NAME = DonutApp;
			};
			name = Release;
		};
/* End XCBuildConfiguration section */

/* Begin XCConfigurationList section */
		84464BDC2CCBEC2400CD8824 /* Build configuration list for PBXProject "DonutApp" */ = {
			isa = XCConfigurationList;
			buildConfigurations = (
				84464C092CCBEC2600CD8824 /* Debug */,
				84464C0A2CCBEC2600CD8824 /* Release */,
			);
			defaultConfigurationIsVisible = 0;
			defaultConfigurationName = Release;
		};
		84464C0B2CCBEC2600CD8824 /* Build configuration list for PBXNativeTarget "DonutApp" */ = {
			isa = XCConfigurationList;
			buildConfigurations = (
				84464C0C2CCBEC2600CD8824 /* Debug */,
				84464C0D2CCBEC2600CD8824 /* Release */,
			);
			defaultConfigurationIsVisible = 0;
			defaultConfigurationName = Release;
		};
		84464C0E2CCBEC2600CD8824 /* Build configuration list for PBXNativeTarget "DonutAppTests" */ = {
			isa = XCConfigurationList;
			buildConfigurations = (
				84464C0F2CCBEC2600CD8824 /* Debug */,
				84464C102CCBEC2600CD8824 /* Release */,
			);
			defaultConfigurationIsVisible = 0;
			defaultConfigurationName = Release;
		};
		84464C112CCBEC2600CD8824 /* Build configuration list for PBXNativeTarget "DonutAppUITests" */ = {
			isa = XCConfigurationList;
			buildConfigurations = (
				84464C122CCBEC2600CD8824 /* Debug */,
				84464C132CCBEC2600CD8824 /* Release */,
			);
			defaultConfigurationIsVisible = 0;
			defaultConfigurationName = Release;
		};
/* End XCConfigurationList section */
	};
	rootObject = 84464BD92CCBEC2400CD8824 /* Project object */;
}
